<Solution>
  <Folder Name="/.claude/">
    <File Path="CLAUDE.md" />
    <File Path="PLANNING.md" />
    <File Path="PRD.md" />
    <File Path="TASKS.md" />
  </Folder>
  <Folder Name="/.github/" />
  <Folder Name="/.solutions/">
    <File Path=".editorconfig" />
    <File Path=".gitignore" />
    <File Path="Directory.Build.props" />
    <File Path="Directory.Build.targets" />
    <File Path="Directory.Packages.props" />
  </Folder>
  <Folder Name="/benchmark/">
    <Project Path="benchmark/Claude.Benchmark.csproj" />
  </Folder>
  <Folder Name="/docs/">
    <File Path="CLAUDE.md" />
    <File Path="PRD.md" />
    <File Path="README.md" />
  </Folder>
  <Folder Name="/tests/" />
  <Project Path="src/Claude/Claude.csproj" />
  <Project Path="tests/IntegrationTests/Claude.IntegrationTests.csproj" />
  <Project Path="tests/UnitTests/Claude.UnitTests.csproj" />
</Solution>